
Microsoft Visual Studio Solution File, Format Version 12.00
# Visual Studio Version 17
VisualStudioVersion = 17.3.32819.101
MinimumVisualStudioVersion = 10.0.40219.1
Project("{FAE04EC0-301F-11D3-BF4B-00C04F79EFBC}") = "BMI Calulator", "BMI Calulator.csproj", "{3B4589F8-C1BB-4E2E-B28A-1B147C6B2278}"
EndProject
Global
	GlobalSection(SolutionConfigurationPlatforms) = preSolution
		Debug|Any CPU = Debug|Any CPU
		Release|Any CPU = Release|Any CPU
	EndGlobalSection
	GlobalSection(ProjectConfigurationPlatforms) = postSolution
		{3B4589F8-C1BB-4E2E-B28A-1B147C6B2278}.Debug|Any CPU.ActiveCfg = Debug|Any CPU
		{3B4589F8-C1BB-4E2E-B28A-1B147C6B2278}.Debug|Any CPU.Build.0 = Debug|Any CPU
		{3B4589F8-C1BB-4E2E-B28A-1B147C6B2278}.Release|Any CPU.ActiveCfg = Release|Any CPU
		{3B4589F8-C1BB-4E2E-B28A-1B147C6B2278}.Release|Any CPU.Build.0 = Release|Any CPU
	EndGlobalSection
	GlobalSection(SolutionProperties) = preSolution
		HideSolutionNode = FALSE
	EndGlobalSection
	GlobalSection(ExtensibilityGlobals) = postSolution
		SolutionGuid = {E77E120B-AF6E-431B-8FCA-6DB2374195EB}
	EndGlobalSection
EndGlobal
